// !$*UTF8*$!
{
	archiveVersion = 1;
	classes = {
	};
	objectVersion = 46;
	objects = {

/* Begin PBXBuildFile section */
		2990385519C761B900904C50 /* AppDelegate.swift in Sources */ = {isa = PBXBuildFile; fileRef = 2990385419C761B900904C50 /* AppDelegate.swift */; };
		2990385719C761B900904C50 /* ViewController.swift in Sources */ = {isa = PBXBuildFile; fileRef = 2990385619C761B900904C50 /* ViewController.swift */; };
		2990385A19C761B900904C50 /* Main.storyboard in Resources */ = {isa = PBXBuildFile; fileRef = 2990385819C761B900904C50 /* Main.storyboard */; };
		2990385C19C761B900904C50 /* Images.xcassets in Resources */ = {isa = PBXBuildFile; fileRef = 2990385B19C761B900904C50 /* Images.xcassets */; };
		2990385F19C761B900904C50 /* LaunchScreen.xib in Resources */ = {isa = PBXBuildFile; fileRef = 2990385D19C761B900904C50 /* LaunchScreen.xib */; };
		2990386B19C761B900904C50 /* PostcardTests.swift in Sources */ = {isa = PBXBuildFile; fileRef = 2990386A19C761B900904C50 /* PostcardTests.swift */; };
/* End PBXBuildFile section */

/* Begin PBXContainerItemProxy section */
		2990386519C761B900904C50 /* PBXContainerItemProxy */ = {
			isa = PBXContainerItemProxy;
			containerPortal = 2990384719C761B900904C50 /* Project object */;
			proxyType = 1;
			remoteGlobalIDString = 2990384E19C761B900904C50;
			remoteInfo = Postcard;
		};
/* End PBXContainerItemProxy section */

/* Begin PBXFileReference section */
		2990384F19C761B900904C50 /* Postcard.app */ = {isa = PBXFileReference; explicitFileType = wrapper.application; includeInIndex = 0; path = Postcard.app; sourceTree = BUILT_PRODUCTS_DIR; };
		2990385319C761B900904C50 /* Info.plist */ = {isa = PBXFileReference; lastKnownFileType = text.plist.xml; path = Info.plist; sourceTree = "<group>"; };
		2990385419C761B900904C50 /* AppDelegate.swift */ = {isa = PBXFileReference; lastKnownFileType = sourcecode.swift; path = AppDelegate.swift; sourceTree = "<group>"; };
		2990385619C761B900904C50 /* ViewController.swift */ = {isa = PBXFileReference; lastKnownFileType = sourcecode.swift; path = ViewController.swift; sourceTree = "<group>"; };
		2990385919C761B900904C50 /* Base */ = {isa = PBXFileReference; lastKnownFileType = file.storyboard; name = Base; path = Base.lproj/Main.storyboard; sourceTree = "<group>"; };
		2990385B19C761B900904C50 /* Images.xcassets */ = {isa = PBXFileReference; lastKnownFileType = folder.assetcatalog; path = Images.xcassets; sourceTree = "<group>"; };
		2990385E19C761B900904C50 /* Base */ = {isa = PBXFileReference; lastKnownFileType = file.xib; name = Base; path = Base.lproj/LaunchScreen.xib; sourceTree = "<group>"; };
		2990386419C761B900904C50 /* PostcardTests.xctest */ = {isa = PBXFileReference; explicitFileType = wrapper.cfbundle; includeInIndex = 0; path = PostcardTests.xctest; sourceTree = BUILT_PRODUCTS_DIR; };
		2990386919C761B900904C50 /* Info.plist */ = {isa = PBXFileReference; lastKnownFileType = text.plist.xml; path = Info.plist; sourceTree = "<group>"; };
		2990386A19C761B900904C50 /* PostcardTests.swift */ = {isa = PBXFileReference; lastKnownFileType = sourcecode.swift; path = PostcardTests.swift; sourceTree = "<group>"; };
/* End PBXFileReference section */

/* Begin PBXFrameworksBuildPhase section */
		2990384C19C761B900904C50 /* Frameworks */ = {
			isa = PBXFrameworksBuildPhase;
			buildActionMask = 2147483647;
			files = (
			);
			runOnlyForDeploymentPostprocessing = 0;
		};
		2990386119C761B900904C50 /* Frameworks */ = {
			isa = PBXFrameworksBuildPhase;
			buildActionMask = 2147483647;
			files = (
			);
			runOnlyForDeploymentPostprocessing = 0;
		};
/* End PBXFrameworksBuildPhase section */

/* Begin PBXGroup section */
		2990384619C761B900904C50 = {
			isa = PBXGroup;
			children = (
				2990385119C761B900904C50 /* Postcard */,
				2990386719C761B900904C50 /* PostcardTests */,
				2990385019C761B900904C50 /* Products */,
			);
			sourceTree = "<group>";
		};
		2990385019C761B900904C50 /* Products */ = {
			isa = PBXGroup;
			children = (
				2990384F19C761B900904C50 /* Postcard.app */,
				2990386419C761B900904C50 /* PostcardTests.xctest */,
			);
			name = Products;
			sourceTree = "<group>";
		};
		2990385119C761B900904C50 /* Postcard */ = {
			isa = PBXGroup;
			children = (
				2990385419C761B900904C50 /* AppDelegate.swift */,
				2990385619C761B900904C50 /* ViewController.swift */,
				2990385819C761B900904C50 /* Main.storyboard */,
				2990385B19C761B900904C50 /* Images.xcassets */,
				2990385D19C761B900904C50 /* LaunchScreen.xib */,
				2990385219C761B900904C50 /* Supporting Files */,
			);
			path = Postcard;
			sourceTree = "<group>";
		};
		2990385219C761B900904C50 /* Supporting Files */ = {
			isa = PBXGroup;
			children = (
				2990385319C761B900904C50 /* Info.plist */,
			);
			name = "Supporting Files";
			sourceTree = "<group>";
		};
		2990386719C761B900904C50 /* PostcardTests */ = {
			isa = PBXGroup;
			children = (
				2990386A19C761B900904C50 /* PostcardTests.swift */,
				2990386819C761B900904C50 /* Supporting Files */,
			);
			path = PostcardTests;
			sourceTree = "<group>";
		};
		2990386819C761B900904C50 /* Supporting Files */ = {
			isa = PBXGroup;
			children = (
				2990386919C761B900904C50 /* Info.plist */,
			);
			name = "Supporting Files";
			sourceTree = "<group>";
		};
/* End PBXGroup section */

/* Begin PBXNativeTarget section */
		2990384E19C761B900904C50 /* Postcard */ = {
			isa = PBXNativeTarget;
			buildConfigurationList = 2990386E19C761B900904C50 /* Build configuration list for PBXNativeTarget "Postcard" */;
			buildPhases = (
				2990384B19C761B900904C50 /* Sources */,
				2990384C19C761B900904C50 /* Frameworks */,
				2990384D19C761B900904C50 /* Resources */,
			);
			buildRules = (
			);
			dependencies = (
			);
			name = Postcard;
			productName = Postcard;
			productReference = 2990384F19C761B900904C50 /* Postcard.app */;
			productType = "com.apple.product-type.application";
		};
		2990386319C761B900904C50 /* PostcardTests */ = {
			isa = PBXNativeTarget;
			buildConfigurationList = 2990387119C761B900904C50 /* Build configuration list for PBXNativeTarget "PostcardTests" */;
			buildPhases = (
				2990386019C761B900904C50 /* Sources */,
				2990386119C761B900904C50 /* Frameworks */,
				2990386219C761B900904C50 /* Resources */,
			);
			buildRules = (
			);
			dependencies = (
				2990386619C761B900904C50 /* PBXTargetDependency */,
			);
			name = PostcardTests;
			productName = PostcardTests;
			productReference = 2990386419C761B900904C50 /* PostcardTests.xctest */;
			productType = "com.apple.product-type.bundle.unit-test";
		};
/* End PBXNativeTarget section */

/* Begin PBXProject section */
		2990384719C761B900904C50 /* Project object */ = {
			isa = PBXProject;
			attributes = {
				LastUpgradeCheck = 0600;
				ORGANIZATIONNAME = "xavier bastardas";
				TargetAttributes = {
					2990384E19C761B900904C50 = {
						CreatedOnToolsVersion = 6.0;
					};
					2990386319C761B900904C50 = {
						CreatedOnToolsVersion = 6.0;
						TestTargetID = 2990384E19C761B900904C50;
					};
				};
			};
			buildConfigurationList = 2990384A19C761B900904C50 /* Build configuration list for PBXProject "Postcard" */;
			compatibilityVersion = "Xcode 3.2";
			developmentRegion = English;
			hasScannedForEncodings = 0;
			knownRegions = (
				en,
				Base,
			);
			mainGroup = 2990384619C761B900904C50;
			productRefGroup = 2990385019C761B900904C50 /* Products */;
			projectDirPath = "";
			projectRoot = "";
			targets = (
				2990384E19C761B900904C50 /* Postcard */,
				2990386319C761B900904C50 /* PostcardTests */,
			);
		};
/* End PBXProject section */

/* Begin PBXResourcesBuildPhase section */
		2990384D19C761B900904C50 /* Resources */ = {
			isa = PBXResourcesBuildPhase;
			buildActionMask = 2147483647;
			files = (
				2990385A19C761B900904C50 /* Main.storyboard in Resources */,
				2990385F19C761B900904C50 /* LaunchScreen.xib in Resources */,
				2990385C19C761B900904C50 /* Images.xcassets in Resources */,
			);
			runOnlyForDeploymentPostprocessing = 0;
		};
		2990386219C761B900904C50 /* Resources */ = {
			isa = PBXResourcesBuildPhase;
			buildActionMask = 2147483647;
			files = (
			);
			runOnlyForDeploymentPostprocessing = 0;
		};
/* End PBXResourcesBuildPhase section */

/* Begin PBXSourcesBuildPhase section */
		2990384B19C761B900904C50 /* Sources */ = {
			isa = PBXSourcesBuildPhase;
			buildActionMask = 2147483647;
			files = (
				2990385719C761B900904C50 /* ViewController.swift in Sources */,
				2990385519C761B900904C50 /* AppDelegate.swift in Sources */,
			);
			runOnlyForDeploymentPostprocessing = 0;
		};
		2990386019C761B900904C50 /* Sources */ = {
			isa = PBXSourcesBuildPhase;
			buildActionMask = 2147483647;
			files = (
				2990386B19C761B900904C50 /* PostcardTests.swift in Sources */,
			);
			runOnlyForDeploymentPostprocessing = 0;
		};
/* End PBXSourcesBuildPhase section */

/* Begin PBXTargetDependency section */
		2990386619C761B900904C50 /* PBXTargetDependency */ = {
			isa = PBXTargetDependency;
			target = 2990384E19C761B900904C50 /* Postcard */;
			targetProxy = 2990386519C761B900904C50 /* PBXContainerItemProxy */;
		};
/* End PBXTargetDependency section */

/* Begin PBXVariantGroup section */
		2990385819C761B900904C50 /* Main.storyboard */ = {
			isa = PBXVariantGroup;
			children = (
				2990385919C761B900904C50 /* Base */,
			);
			name = Main.storyboard;
			sourceTree = "<group>";
		};
		2990385D19C761B900904C50 /* LaunchScreen.xib */ = {
			isa = PBXVariantGroup;
			children = (
				2990385E19C761B900904C50 /* Base */,
			);
			name = LaunchScreen.xib;
			sourceTree = "<group>";
		};
/* End PBXVariantGroup section */

/* Begin XCBuildConfiguration section */
		2990386C19C761B900904C50 /* Debug */ = {
			isa = XCBuildConfiguration;
			buildSettings = {
				ALWAYS_SEARCH_USER_PATHS = NO;
				CLANG_CXX_LANGUAGE_STANDARD = "gnu++0x";
				CLANG_CXX_LIBRARY = "libc++";
				CLANG_ENABLE_MODULES = YES;
				CLANG_ENABLE_OBJC_ARC = YES;
				CLANG_WARN_BOOL_CONVERSION = YES;
				CLANG_WARN_CONSTANT_CONVERSION = YES;
				CLANG_WARN_DIRECT_OBJC_ISA_USAGE = YES_ERROR;
				CLANG_WARN_EMPTY_BODY = YES;
				CLANG_WARN_ENUM_CONVERSION = YES;
				CLANG_WARN_INT_CONVERSION = YES;
				CLANG_WARN_OBJC_ROOT_CLASS = YES_ERROR;
				CLANG_WARN_UNREACHABLE_CODE = YES;
				CLANG_WARN__DUPLICATE_METHOD_MATCH = YES;
				"CODE_SIGN_IDENTITY[sdk=iphoneos*]" = "iPhone Developer";
				COPY_PHASE_STRIP = NO;
				ENABLE_STRICT_OBJC_MSGSEND = YES;
				GCC_C_LANGUAGE_STANDARD = gnu99;
				GCC_DYNAMIC_NO_PIC = NO;
				GCC_OPTIMIZATION_LEVEL = 0;
				GCC_PREPROCESSOR_DEFINITIONS = (
					"DEBUG=1",
					"$(inherited)",
				);
				GCC_SYMBOLS_PRIVATE_EXTERN = NO;
				GCC_WARN_64_TO_32_BIT_CONVERSION = YES;
				GCC_WARN_ABOUT_RETURN_TYPE = YES_ERROR;
				GCC_WARN_UNDECLARED_SELECTOR = YES;
				GCC_WARN_UNINITIALIZED_AUTOS = YES_AGGRESSIVE;
				GCC_WARN_UNUSED_FUNCTION = YES;
				GCC_WARN_UNUSED_VARIABLE = YES;
				IPHONEOS_DEPLOYMENT_TARGET = 8.0;
				MTL_ENABLE_DEBUG_INFO = YES;
				ONLY_ACTIVE_ARCH = YES;
				SDKROOT = iphoneos;
				SWIFT_OPTIMIZATION_LEVEL = "-Onone";
			};
			name = Debug;
		};
		2990386D19C761B900904C50 /* Release */ = {
			isa = XCBuildConfiguration;
			buildSettings = {
				ALWAYS_SEARCH_USER_PATHS = NO;
				CLANG_CXX_LANGUAGE_STANDARD = "gnu++0x";
				CLANG_CXX_LIBRARY = "libc++";
				CLANG_ENABLE_MODULES = YES;
				CLANG_ENABLE_OBJC_ARC = YES;
				CLANG_WARN_BOOL_CONVERSION = YES;
				CLANG_WARN_CONSTANT_CONVERSION = YES;
				CLANG_WARN_DIRECT_OBJC_ISA_USAGE = YES_ERROR;
				CLANG_WARN_EMPTY_BODY = YES;
				CLANG_WARN_ENUM_CONVERSION = YES;
				CLANG_WARN_INT_CONVERSION = YES;
				CLANG_WARN_OBJC_ROOT_CLASS = YES_ERROR;
				CLANG_WARN_UNREACHABLE_CODE = YES;
				CLANG_WARN__DUPLICATE_METHOD_MATCH = YES;
				"CODE_SIGN_IDENTITY[sdk=iphoneos*]" = "iPhone Developer";
				COPY_PHASE_STRIP = YES;
				ENABLE_NS_ASSERTIONS = NO;
				ENABLE_STRICT_OBJC_MSGSEND = YES;
				GCC_C_LANGUAGE_STANDARD = gnu99;
				GCC_WARN_64_TO_32_BIT_CONVERSION = YES;
				GCC_WARN_ABOUT_RETURN_TYPE = YES_ERROR;
				GCC_WARN_UNDECLARED_SELECTOR = YES;
				GCC_WARN_UNINITIALIZED_AUTOS = YES_AGGRESSIVE;
				GCC_WARN_UNUSED_FUNCTION = YES;
				GCC_WARN_UNUSED_VARIABLE = YES;
				IPHONEOS_DEPLOYMENT_TARGET = 8.0;
				MTL_ENABLE_DEBUG_INFO = NO;
				SDKROOT = iphoneos;
				VALIDATE_PRODUCT = YES;
			};
			name = Release;
		};
		2990386F19C761B900904C50 /* Debug */ = {
			isa = XCBuildConfiguration;
			buildSettings = {
				ASSETCATALOG_COMPILER_APPICON_NAME = AppIcon;
				INFOPLIST_FILE = Postcard/Info.plist;
				LD_RUNPATH_SEARCH_PATHS = "$(inherited) @executable_path/Frameworks";
				PRODUCT_NAME = "$(TARGET_NAME)";
			};
			name = Debug;
		};
		2990387019C761B900904C50 /* Release */ = {
			isa = XCBuildConfiguration;
			buildSettings = {
				ASSETCATALOG_COMPILER_APPICON_NAME = AppIcon;
				INFOPLIST_FILE = Postcard/Info.plist;
				LD_RUNPATH_SEARCH_PATHS = "$(inherited) @executable_path/Frameworks";
				PRODUCT_NAME = "$(TARGET_NAME)";
			};
			name = Release;
		};
		2990387219C761B900904C50 /* Debug */ = {
			isa = XCBuildConfiguration;
			buildSettings = {
				BUNDLE_LOADER = "$(TEST_HOST)";
				FRAMEWORK_SEARCH_PATHS = (
					"$(SDKROOT)/Developer/Library/Frameworks",
					"$(inherited)",
				);
				GCC_PREPROCESSOR_DEFINITIONS = (
					"DEBUG=1",
					"$(inherited)",
				);
				INFOPLIST_FILE = PostcardTests/Info.plist;
				LD_RUNPATH_SEARCH_PATHS = "$(inherited) @executable_path/Frameworks @loader_path/Frameworks";
				PRODUCT_NAME = "$(TARGET_NAME)";
				TEST_HOST = "$(BUILT_PRODUCTS_DIR)/Postcard.app/Postcard";
			};
			name = Debug;
		};
		2990387319C761B900904C50 /* Release */ = {
			isa = XCBuildConfiguration;
			buildSettings = {
				BUNDLE_LOADER = "$(TEST_HOST)";
				FRAMEWORK_SEARCH_PATHS = (
					"$(SDKROOT)/Developer/Library/Frameworks",
					"$(inherited)",
				);
				INFOPLIST_FILE = PostcardTests/Info.plist;
				LD_RUNPATH_SEARCH_PATHS = "$(inherited) @executable_path/Frameworks @loader_path/Frameworks";
				PRODUCT_NAME = "$(TARGET_NAME)";
				TEST_HOST = "$(BUILT_PRODUCTS_DIR)/Postcard.app/Postcard";
			};
			name = Release;
		};
/* End XCBuildConfiguration section */

/* Begin XCConfigurationList section */
		2990384A19C761B900904C50 /* Build configuration list for PBXProject "Postcard" */ = {
			isa = XCConfigurationList;
			buildConfigurations = (
				2990386C19C761B900904C50 /* Debug */,
				2990386D19C761B900904C50 /* Release */,
			);
			defaultConfigurationIsVisible = 0;
			defaultConfigurationName = Release;
		};
		2990386E19C761B900904C50 /* Build configuration list for PBXNativeTarget "Postcard" */ = {
			isa = XCConfigurationList;
			buildConfigurations = (
				2990386F19C761B900904C50 /* Debug */,
				2990387019C761B900904C50 /* Release */,
			);
			defaultConfigurationIsVisible = 0;
		};
		2990387119C761B900904C50 /* Build configuration list for PBXNativeTarget "PostcardTests" */ = {
			isa = XCConfigurationList;
			buildConfigurations = (
				2990387219C761B900904C50 /* Debug */,
				2990387319C761B900904C50 /* Release */,
			);
			defaultConfigurationIsVisible = 0;
		};
/* End XCConfigurationList section */
	};
	rootObject = 2990384719C761B900904C50 /* Project object */;
}
